<?xml version="1.0" encoding="utf-8"?>
<Project ToolsVersion="4.0" xmlns="http://schemas.microsoft.com/developer/msbuild/2003">
  <ItemGroup>
    <Filter Include="src">
      <UniqueIdentifier>{2DAB880B-99B4-887C-2230-9F7C8E38947C}</UniqueIdentifier>
    </Filter>
    <Filter Include="src\game">
      <UniqueIdentifier>{165530CF-0222-8BDA-2B3B-79821767C068}</UniqueIdentifier>
    </Filter>
    <Filter Include="src\net">
      <UniqueIdentifier>{E32030A9-4F00-AF44-5818-3A1BC47615A6}</UniqueIdentifier>
    </Filter>
    <Filter Include="src\net\asio">
      <UniqueIdentifier>{5ECE50A1-4A31-E045-F3B6-18FCDFF8ABC8}</UniqueIdentifier>
    </Filter>
    <Filter Include="src\net\channel">
      <UniqueIdentifier>{2BE535D0-9770-A394-A081-26890C8CFF94}</UniqueIdentifier>
    </Filter>
    <Filter Include="src\net\login">
      <UniqueIdentifier>{4B6D2FCC-B72D-AB02-8068-F47FECE7EFDE}</UniqueIdentifier>
    </Filter>
    <Filter Include="src\net\packets">
      <UniqueIdentifier>{1D46B9A8-89D1-266D-92E2-A961FEEC826D}</UniqueIdentifier>
    </Filter>
    <Filter Include="src\net\packets\handlers">
      <UniqueIdentifier>{BDB30872-A9D8-57F2-D223-3D82BEA75610}</UniqueIdentifier>
    </Filter>
    <Filter Include="src\net\packets\handlers\login">
      <UniqueIdentifier>{A53BC51A-9161-8F81-7AA7-144D666CB44D}</UniqueIdentifier>
    </Filter>
    <Filter Include="src\net\packets\processors">
      <UniqueIdentifier>{5FFE8D83-4B0E-3A54-B4C7-9E72A0F628ED}</UniqueIdentifier>
    </Filter>
    <Filter Include="src\util">
      <UniqueIdentifier>{BA5238CF-A61F-93DA-CF38-8182BB64C868}</UniqueIdentifier>
    </Filter>
    <Filter Include="vendor">
      <UniqueIdentifier>{B3738122-9F15-ACF8-88D0-BF4C74113349}</UniqueIdentifier>
    </Filter>
    <Filter Include="vendor\aes">
      <UniqueIdentifier>{1B85C5A8-073D-07F6-7044-E0515C1BA2E6}</UniqueIdentifier>
    </Filter>
  </ItemGroup>
  <ItemGroup>
    <ClInclude Include="src\MapleConstants.h">
      <Filter>src</Filter>
    </ClInclude>
    <ClInclude Include="src\Master.h">
      <Filter>src</Filter>
    </ClInclude>
    <ClInclude Include="src\Typedefs.h">
      <Filter>src</Filter>
    </ClInclude>
    <ClInclude Include="src\game\Party.h">
      <Filter>src\game</Filter>
    </ClInclude>
    <ClInclude Include="src\game\Player.h">
      <Filter>src\game</Filter>
    </ClInclude>
    <ClInclude Include="src\game\World.h">
      <Filter>src\game</Filter>
    </ClInclude>
    <ClInclude Include="src\net\asio\TCPConnection.h">
      <Filter>src\net\asio</Filter>
    </ClInclude>
    <ClInclude Include="src\net\asio\TCPServerInterface.h">
      <Filter>src\net\asio</Filter>
    </ClInclude>
    <ClInclude Include="src\net\channel\ChannelServer.h">
      <Filter>src\net\channel</Filter>
    </ClInclude>
    <ClInclude Include="src\net\login\LoginServer.h">
      <Filter>src\net\login</Filter>
    </ClInclude>
    <ClInclude Include="src\net\packets\PacketConstants.h">
      <Filter>src\net\packets</Filter>
    </ClInclude>
    <ClInclude Include="src\net\packets\PacketCreator.h">
      <Filter>src\net\packets</Filter>
    </ClInclude>
    <ClInclude Include="src\net\packets\PacketHandler.h">
      <Filter>src\net\packets</Filter>
    </ClInclude>
    <ClInclude Include="src\util\HashPassword.h">
      <Filter>src\util</Filter>
    </ClInclude>
    <ClInclude Include="src\util\LoggingTool.h">
      <Filter>src\util</Filter>
    </ClInclude>
    <ClInclude Include="src\util\MapleAESOFB.h">
      <Filter>src\util</Filter>
    </ClInclude>
    <ClInclude Include="src\util\MongoDb.h">
      <Filter>src\util</Filter>
    </ClInclude>
    <ClInclude Include="src\util\PacketTool.h">
      <Filter>src\util</Filter>
    </ClInclude>
    <ClInclude Include="src\util\ThreadSafeQueue.h">
      <Filter>src\util</Filter>
    </ClInclude>
    <ClInclude Include="src\util\TimeTool.h">
      <Filter>src\util</Filter>
    </ClInclude>
    <ClInclude Include="vendor\aes\aes.h">
      <Filter>vendor\aes</Filter>
    </ClInclude>
    <ClInclude Include="vendor\aes\aes_ni.h">
      <Filter>vendor\aes</Filter>
    </ClInclude>
    <ClInclude Include="vendor\aes\aesopt.h">
      <Filter>vendor\aes</Filter>
    </ClInclude>
    <ClInclude Include="vendor\aes\aestab.h">
      <Filter>vendor\aes</Filter>
    </ClInclude>
    <ClInclude Include="vendor\aes\brg_endian.h">
      <Filter>vendor\aes</Filter>
    </ClInclude>
    <ClInclude Include="vendor\aes\brg_types.h">
      <Filter>vendor\aes</Filter>
    </ClInclude>
  </ItemGroup>
  <ItemGroup>
    <ClCompile Include="src\Master.cpp">
      <Filter>src</Filter>
    </ClCompile>
    <ClCompile Include="src\game\Party.cpp">
      <Filter>src\game</Filter>
    </ClCompile>
    <ClCompile Include="src\game\Player.cpp">
      <Filter>src\game</Filter>
    </ClCompile>
    <ClCompile Include="src\game\World.cpp">
      <Filter>src\game</Filter>
    </ClCompile>
    <ClCompile Include="src\main.cpp">
      <Filter>src</Filter>
    </ClCompile>
    <ClCompile Include="src\net\asio\TCPConnection.cpp">
      <Filter>src\net\asio</Filter>
    </ClCompile>
    <ClCompile Include="src\net\asio\TCPServerInterface.cpp">
      <Filter>src\net\asio</Filter>
    </ClCompile>
    <ClCompile Include="src\net\channel\ChannelServer.cpp">
      <Filter>src\net\channel</Filter>
    </ClCompile>
    <ClCompile Include="src\net\login\LoginServer.cpp">
      <Filter>src\net\login</Filter>
    </ClCompile>
    <ClCompile Include="src\net\packets\handlers\login\LoginPasswordHandler.cpp">
      <Filter>src\net\packets\handlers\login</Filter>
    </ClCompile>
    <ClCompile Include="src\net\packets\processors\GetHandshake.cpp">
      <Filter>src\net\packets\processors</Filter>
    </ClCompile>
    <ClCompile Include="vendor\aes\aes_modes.c">
      <Filter>vendor\aes</Filter>
    </ClCompile>
    <ClCompile Include="vendor\aes\aes_ni.c">
      <Filter>vendor\aes</Filter>
    </ClCompile>
    <ClCompile Include="vendor\aes\aescrypt.c">
      <Filter>vendor\aes</Filter>
    </ClCompile>
    <ClCompile Include="vendor\aes\aeskey.c">
      <Filter>vendor\aes</Filter>
    </ClCompile>
    <ClCompile Include="vendor\aes\aestab.c">
      <Filter>vendor\aes</Filter>
    </ClCompile>
    <ClCompile Include="src\util\MongoDb.cpp" />
  </ItemGroup>
</Project>