<?xml version="1.0" encoding="utf-8"?>
<Project ToolsVersion="4.0" xmlns="http://schemas.microsoft.com/developer/msbuild/2003">
  <ItemGroup>
    <Filter Include="src">
      <UniqueIdentifier>{2DAB880B-99B4-887C-2230-9F7C8E38947C}</UniqueIdentifier>
    </Filter>
    <Filter Include="src\db">
      <UniqueIdentifier>{424D661C-2EEF-90F2-17AA-A44603EB1743}</UniqueIdentifier>
    </Filter>
    <Filter Include="src\net">
      <UniqueIdentifier>{E32030A9-4F00-AF44-5818-3A1BC47615A6}</UniqueIdentifier>
    </Filter>
    <Filter Include="src\util">
      <UniqueIdentifier>{BA5238CF-A61F-93DA-CF38-8182BB64C868}</UniqueIdentifier>
    </Filter>
    <Filter Include="vendor">
      <UniqueIdentifier>{B3738122-9F15-ACF8-88D0-BF4C74113349}</UniqueIdentifier>
    </Filter>
    <Filter Include="vendor\aes">
      <UniqueIdentifier>{1B85C5A8-073D-07F6-7044-E0515C1BA2E6}</UniqueIdentifier>
    </Filter>
  </ItemGroup>
  <ItemGroup>
    <ClInclude Include="src\db\MongoDbHandler.h">
      <Filter>src\db</Filter>
    </ClInclude>
    <ClInclude Include="src\net\LoginServer.h">
      <Filter>src\net</Filter>
    </ClInclude>
    <ClInclude Include="src\net\TCPConnection.h">
      <Filter>src\net</Filter>
    </ClInclude>
    <ClInclude Include="src\net\TCPNet.h">
      <Filter>src\net</Filter>
    </ClInclude>
    <ClInclude Include="src\net\TCPServer.h">
      <Filter>src\net</Filter>
    </ClInclude>
    <ClInclude Include="src\net\TCPServerInterface.h">
      <Filter>src\net</Filter>
    </ClInclude>
    <ClInclude Include="src\pch.h">
      <Filter>src</Filter>
    </ClInclude>
    <ClInclude Include="src\util\Logger.h">
      <Filter>src\util</Filter>
    </ClInclude>
    <ClInclude Include="src\util\ThreadSafeQueue.h">
      <Filter>src\util</Filter>
    </ClInclude>
    <ClInclude Include="vendor\aes\aes.h">
      <Filter>vendor\aes</Filter>
    </ClInclude>
    <ClInclude Include="vendor\aes\aes_ni.h">
      <Filter>vendor\aes</Filter>
    </ClInclude>
    <ClInclude Include="vendor\aes\aesopt.h">
      <Filter>vendor\aes</Filter>
    </ClInclude>
    <ClInclude Include="vendor\aes\aestab.h">
      <Filter>vendor\aes</Filter>
    </ClInclude>
    <ClInclude Include="vendor\aes\brg_endian.h">
      <Filter>vendor\aes</Filter>
    </ClInclude>
    <ClInclude Include="vendor\aes\brg_types.h">
      <Filter>vendor\aes</Filter>
    </ClInclude>
  </ItemGroup>
  <ItemGroup>
    <ClCompile Include="src\db\MongoDbHandler.cpp">
      <Filter>src\db</Filter>
    </ClCompile>
    <ClCompile Include="src\main.cpp">
      <Filter>src</Filter>
    </ClCompile>
    <ClCompile Include="src\net\LoginServer.cpp">
      <Filter>src\net</Filter>
    </ClCompile>
    <ClCompile Include="src\pch.cpp">
      <Filter>src</Filter>
    </ClCompile>
    <ClCompile Include="vendor\aes\aes_modes.c">
      <Filter>vendor\aes</Filter>
    </ClCompile>
    <ClCompile Include="vendor\aes\aes_ni.c">
      <Filter>vendor\aes</Filter>
    </ClCompile>
    <ClCompile Include="vendor\aes\aescrypt.c">
      <Filter>vendor\aes</Filter>
    </ClCompile>
    <ClCompile Include="vendor\aes\aeskey.c">
      <Filter>vendor\aes</Filter>
    </ClCompile>
    <ClCompile Include="vendor\aes\aestab.c">
      <Filter>vendor\aes</Filter>
    </ClCompile>
  </ItemGroup>
</Project>